// !$*UTF8*$!
{
	archiveVersion = 1;
	classes = {
	};
	objectVersion = 77;
	objects = {

/* Begin PBXBuildFile section */
		A5127D5B2DDDDF2D00B2359B /* MapLibre in Frameworks */ = {isa = PBXBuildFile; productRef = A5127D5A2DDDDF2D00B2359B /* MapLibre */; };
		A5127DDE2DDE272300B2359B /* GoogleSignIn in Frameworks */ = {isa = PBXBuildFile; productRef = A5127DDD2DDE272300B2359B /* GoogleSignIn */; };
		A5127DE02DDE272300B2359B /* GoogleSignInSwift in Frameworks */ = {isa = PBXBuildFile; productRef = A5127DDF2DDE272300B2359B /* GoogleSignInSwift */; };
		A5127DE52DDE2A9500B2359B /* FirebaseAI in Frameworks */ = {isa = PBXBuildFile; productRef = A5127DE42DDE2A9500B2359B /* FirebaseAI */; };
		A5127DE72DDE2A9500B2359B /* FirebaseAnalytics in Frameworks */ = {isa = PBXBuildFile; productRef = A5127DE62DDE2A9500B2359B /* FirebaseAnalytics */; };
		A5127DE92DDE2A9500B2359B /* FirebaseAuth in Frameworks */ = {isa = PBXBuildFile; productRef = A5127DE82DDE2A9500B2359B /* FirebaseAuth */; };
		A5127DEB2DDE2A9500B2359B /* FirebaseCore in Frameworks */ = {isa = PBXBuildFile; productRef = A5127DEA2DDE2A9500B2359B /* FirebaseCore */; };
		A5127DED2DDE2A9500B2359B /* FirebaseFirestore in Frameworks */ = {isa = PBXBuildFile; productRef = A5127DEC2DDE2A9500B2359B /* FirebaseFirestore */; };
		A5127E982DDE363100B2359B /* GoogleService-Info.plist in Resources */ = {isa = PBXBuildFile; fileRef = A5127E972DDE363100B2359B /* GoogleService-Info.plist */; };
/* End PBXBuildFile section */

/* Begin PBXContainerItemProxy section */
		A5127D312DDDDE0200B2359B /* PBXContainerItemProxy */ = {
			isa = PBXContainerItemProxy;
			containerPortal = A5127D1B2DDDDE0000B2359B /* Project object */;
			proxyType = 1;
			remoteGlobalIDString = A5127D222DDDDE0000B2359B;
			remoteInfo = MuseumsMap;
		};
		A5127D3B2DDDDE0200B2359B /* PBXContainerItemProxy */ = {
			isa = PBXContainerItemProxy;
			containerPortal = A5127D1B2DDDDE0000B2359B /* Project object */;
			proxyType = 1;
			remoteGlobalIDString = A5127D222DDDDE0000B2359B;
			remoteInfo = MuseumsMap;
		};
/* End PBXContainerItemProxy section */

/* Begin PBXFileReference section */
		A5127D232DDDDE0000B2359B /* MuseumsMap.app */ = {isa = PBXFileReference; explicitFileType = wrapper.application; includeInIndex = 0; path = MuseumsMap.app; sourceTree = BUILT_PRODUCTS_DIR; };
		A5127D302DDDDE0200B2359B /* MuseumsMapTests.xctest */ = {isa = PBXFileReference; explicitFileType = wrapper.cfbundle; includeInIndex = 0; path = MuseumsMapTests.xctest; sourceTree = BUILT_PRODUCTS_DIR; };
		A5127D3A2DDDDE0200B2359B /* MuseumsMapUITests.xctest */ = {isa = PBXFileReference; explicitFileType = wrapper.cfbundle; includeInIndex = 0; path = MuseumsMapUITests.xctest; sourceTree = BUILT_PRODUCTS_DIR; };
		A5127E972DDE363100B2359B /* GoogleService-Info.plist */ = {isa = PBXFileReference; lastKnownFileType = text.plist.xml; path = "GoogleService-Info.plist"; sourceTree = "<group>"; };
/* End PBXFileReference section */

/* Begin PBXFileSystemSynchronizedBuildFileExceptionSet section */
		A5127E9A2DDE364600B2359B /* Exceptions for "MuseumsMap" folder in "MuseumsMap" target */ = {
			isa = PBXFileSystemSynchronizedBuildFileExceptionSet;
			membershipExceptions = (
				Info.plist,
			);
			target = A5127D222DDDDE0000B2359B /* MuseumsMap */;
		};
/* End PBXFileSystemSynchronizedBuildFileExceptionSet section */

/* Begin PBXFileSystemSynchronizedRootGroup section */
		A5127D252DDDDE0000B2359B /* MuseumsMap */ = {
			isa = PBXFileSystemSynchronizedRootGroup;
			exceptions = (
				A5127E9A2DDE364600B2359B /* Exceptions for "MuseumsMap" folder in "MuseumsMap" target */,
			);
			path = MuseumsMap;
			sourceTree = "<group>";
		};
		A5127D332DDDDE0200B2359B /* MuseumsMapTests */ = {
			isa = PBXFileSystemSynchronizedRootGroup;
			path = MuseumsMapTests;
			sourceTree = "<group>";
		};
		A5127D3D2DDDDE0200B2359B /* MuseumsMapUITests */ = {
			isa = PBXFileSystemSynchronizedRootGroup;
			path = MuseumsMapUITests;
			sourceTree = "<group>";
		};
/* End PBXFileSystemSynchronizedRootGroup section */

/* Begin PBXFrameworksBuildPhase section */
		A5127D202DDDDE0000B2359B /* Frameworks */ = {
			isa = PBXFrameworksBuildPhase;
			buildActionMask = 2147483647;
			files = (
				A5127DE02DDE272300B2359B /* GoogleSignInSwift in Frameworks */,
				A5127DE92DDE2A9500B2359B /* FirebaseAuth in Frameworks */,
				A5127DE52DDE2A9500B2359B /* FirebaseAI in Frameworks */,
				A5127D5B2DDDDF2D00B2359B /* MapLibre in Frameworks */,
				A5127DEB2DDE2A9500B2359B /* FirebaseCore in Frameworks */,
				A5127DED2DDE2A9500B2359B /* FirebaseFirestore in Frameworks */,
				A5127DE72DDE2A9500B2359B /* FirebaseAnalytics in Frameworks */,
				A5127DDE2DDE272300B2359B /* GoogleSignIn in Frameworks */,
			);
			runOnlyForDeploymentPostprocessing = 0;
		};
		A5127D2D2DDDDE0200B2359B /* Frameworks */ = {
			isa = PBXFrameworksBuildPhase;
			buildActionMask = 2147483647;
			files = (
			);
			runOnlyForDeploymentPostprocessing = 0;
		};
		A5127D372DDDDE0200B2359B /* Frameworks */ = {
			isa = PBXFrameworksBuildPhase;
			buildActionMask = 2147483647;
			files = (
			);
			runOnlyForDeploymentPostprocessing = 0;
		};
/* End PBXFrameworksBuildPhase section */

/* Begin PBXGroup section */
		A5127D1A2DDDDE0000B2359B = {
			isa = PBXGroup;
			children = (
				A5127E972DDE363100B2359B /* GoogleService-Info.plist */,
				A5127D252DDDDE0000B2359B /* MuseumsMap */,
				A5127D332DDDDE0200B2359B /* MuseumsMapTests */,
				A5127D3D2DDDDE0200B2359B /* MuseumsMapUITests */,
				A5127D242DDDDE0000B2359B /* Products */,
			);
			sourceTree = "<group>";
		};
		A5127D242DDDDE0000B2359B /* Products */ = {
			isa = PBXGroup;
			children = (
				A5127D232DDDDE0000B2359B /* MuseumsMap.app */,
				A5127D302DDDDE0200B2359B /* MuseumsMapTests.xctest */,
				A5127D3A2DDDDE0200B2359B /* MuseumsMapUITests.xctest */,
			);
			name = Products;
			sourceTree = "<group>";
		};
/* End PBXGroup section */

/* Begin PBXNativeTarget section */
		A5127D222DDDDE0000B2359B /* MuseumsMap */ = {
			isa = PBXNativeTarget;
			buildConfigurationList = A5127D442DDDDE0200B2359B /* Build configuration list for PBXNativeTarget "MuseumsMap" */;
			buildPhases = (
				A5127D1F2DDDDE0000B2359B /* Sources */,
				A5127D202DDDDE0000B2359B /* Frameworks */,
				A5127D212DDDDE0000B2359B /* Resources */,
			);
			buildRules = (
			);
			dependencies = (
			);
			fileSystemSynchronizedGroups = (
				A5127D252DDDDE0000B2359B /* MuseumsMap */,
			);
			name = MuseumsMap;
			packageProductDependencies = (
				A5127D5A2DDDDF2D00B2359B /* MapLibre */,
				A5127DDD2DDE272300B2359B /* GoogleSignIn */,
				A5127DDF2DDE272300B2359B /* GoogleSignInSwift */,
				A5127DE42DDE2A9500B2359B /* FirebaseAI */,
				A5127DE62DDE2A9500B2359B /* FirebaseAnalytics */,
				A5127DE82DDE2A9500B2359B /* FirebaseAuth */,
				A5127DEA2DDE2A9500B2359B /* FirebaseCore */,
				A5127DEC2DDE2A9500B2359B /* FirebaseFirestore */,
			);
			productName = MuseumsMap;
			productReference = A5127D232DDDDE0000B2359B /* MuseumsMap.app */;
			productType = "com.apple.product-type.application";
		};
		A5127D2F2DDDDE0200B2359B /* MuseumsMapTests */ = {
			isa = PBXNativeTarget;
			buildConfigurationList = A5127D472DDDDE0200B2359B /* Build configuration list for PBXNativeTarget "MuseumsMapTests" */;
			buildPhases = (
				A5127D2C2DDDDE0200B2359B /* Sources */,
				A5127D2D2DDDDE0200B2359B /* Frameworks */,
				A5127D2E2DDDDE0200B2359B /* Resources */,
			);
			buildRules = (
			);
			dependencies = (
				A5127D322DDDDE0200B2359B /* PBXTargetDependency */,
			);
			fileSystemSynchronizedGroups = (
				A5127D332DDDDE0200B2359B /* MuseumsMapTests */,
			);
			name = MuseumsMapTests;
			packageProductDependencies = (
			);
			productName = MuseumsMapTests;
			productReference = A5127D302DDDDE0200B2359B /* MuseumsMapTests.xctest */;
			productType = "com.apple.product-type.bundle.unit-test";
		};
		A5127D392DDDDE0200B2359B /* MuseumsMapUITests */ = {
			isa = PBXNativeTarget;
			buildConfigurationList = A5127D4A2DDDDE0200B2359B /* Build configuration list for PBXNativeTarget "MuseumsMapUITests" */;
			buildPhases = (
				A5127D362DDDDE0200B2359B /* Sources */,
				A5127D372DDDDE0200B2359B /* Frameworks */,
				A5127D382DDDDE0200B2359B /* Resources */,
			);
			buildRules = (
			);
			dependencies = (
				A5127D3C2DDDDE0200B2359B /* PBXTargetDependency */,
			);
			fileSystemSynchronizedGroups = (
				A5127D3D2DDDDE0200B2359B /* MuseumsMapUITests */,
			);
			name = MuseumsMapUITests;
			packageProductDependencies = (
			);
			productName = MuseumsMapUITests;
			productReference = A5127D3A2DDDDE0200B2359B /* MuseumsMapUITests.xctest */;
			productType = "com.apple.product-type.bundle.ui-testing";
		};
/* End PBXNativeTarget section */

/* Begin PBXProject section */
		A5127D1B2DDDDE0000B2359B /* Project object */ = {
			isa = PBXProject;
			attributes = {
				BuildIndependentTargetsInParallel = 1;
				LastSwiftUpdateCheck = 1630;
				LastUpgradeCheck = 1630;
				TargetAttributes = {
					A5127D222DDDDE0000B2359B = {
						CreatedOnToolsVersion = 16.3;
					};
					A5127D2F2DDDDE0200B2359B = {
						CreatedOnToolsVersion = 16.3;
						TestTargetID = A5127D222DDDDE0000B2359B;
					};
					A5127D392DDDDE0200B2359B = {
						CreatedOnToolsVersion = 16.3;
						TestTargetID = A5127D222DDDDE0000B2359B;
					};
				};
			};
			buildConfigurationList = A5127D1E2DDDDE0000B2359B /* Build configuration list for PBXProject "MuseumsMap" */;
			developmentRegion = en;
			hasScannedForEncodings = 0;
			knownRegions = (
				en,
				Base,
			);
			mainGroup = A5127D1A2DDDDE0000B2359B;
			minimizedProjectReferenceProxies = 1;
			packageReferences = (
				A5127D592DDDDF2D00B2359B /* XCRemoteSwiftPackageReference "maplibre-gl-native-distribution" */,
				A5127DDC2DDE272300B2359B /* XCRemoteSwiftPackageReference "GoogleSignIn-iOS" */,
				A5127DE32DDE2A9500B2359B /* XCRemoteSwiftPackageReference "firebase-ios-sdk" */,
			);
			preferredProjectObjectVersion = 77;
			productRefGroup = A5127D242DDDDE0000B2359B /* Products */;
			projectDirPath = "";
			projectRoot = "";
			targets = (
				A5127D222DDDDE0000B2359B /* MuseumsMap */,
				A5127D2F2DDDDE0200B2359B /* MuseumsMapTests */,
				A5127D392DDDDE0200B2359B /* MuseumsMapUITests */,
			);
		};
/* End PBXProject section */

/* Begin PBXResourcesBuildPhase section */
		A5127D212DDDDE0000B2359B /* Resources */ = {
			isa = PBXResourcesBuildPhase;
			buildActionMask = 2147483647;
			files = (
				A5127E982DDE363100B2359B /* GoogleService-Info.plist in Resources */,
			);
			runOnlyForDeploymentPostprocessing = 0;
		};
		A5127D2E2DDDDE0200B2359B /* Resources */ = {
			isa = PBXResourcesBuildPhase;
			buildActionMask = 2147483647;
			files = (
			);
			runOnlyForDeploymentPostprocessing = 0;
		};
		A5127D382DDDDE0200B2359B /* Resources */ = {
			isa = PBXResourcesBuildPhase;
			buildActionMask = 2147483647;
			files = (
			);
			runOnlyForDeploymentPostprocessing = 0;
		};
/* End PBXResourcesBuildPhase section */

/* Begin PBXSourcesBuildPhase section */
		A5127D1F2DDDDE0000B2359B /* Sources */ = {
			isa = PBXSourcesBuildPhase;
			buildActionMask = 2147483647;
			files = (
			);
			runOnlyForDeploymentPostprocessing = 0;
		};
		A5127D2C2DDDDE0200B2359B /* Sources */ = {
			isa = PBXSourcesBuildPhase;
			buildActionMask = 2147483647;
			files = (
			);
			runOnlyForDeploymentPostprocessing = 0;
		};
		A5127D362DDDDE0200B2359B /* Sources */ = {
			isa = PBXSourcesBuildPhase;
			buildActionMask = 2147483647;
			files = (
			);
			runOnlyForDeploymentPostprocessing = 0;
		};
/* End PBXSourcesBuildPhase section */

/* Begin PBXTargetDependency section */
		A5127D322DDDDE0200B2359B /* PBXTargetDependency */ = {
			isa = PBXTargetDependency;
			target = A5127D222DDDDE0000B2359B /* MuseumsMap */;
			targetProxy = A5127D312DDDDE0200B2359B /* PBXContainerItemProxy */;
		};
		A5127D3C2DDDDE0200B2359B /* PBXTargetDependency */ = {
			isa = PBXTargetDependency;
			target = A5127D222DDDDE0000B2359B /* MuseumsMap */;
			targetProxy = A5127D3B2DDDDE0200B2359B /* PBXContainerItemProxy */;
		};
/* End PBXTargetDependency section */

/* Begin XCBuildConfiguration section */
		A5127D422DDDDE0200B2359B /* Debug */ = {
			isa = XCBuildConfiguration;
			buildSettings = {
				ALWAYS_SEARCH_USER_PATHS = NO;
				ASSETCATALOG_COMPILER_GENERATE_SWIFT_ASSET_SYMBOL_EXTENSIONS = YES;
				CLANG_ANALYZER_NONNULL = YES;
				CLANG_ANALYZER_NUMBER_OBJECT_CONVERSION = YES_AGGRESSIVE;
				CLANG_CXX_LANGUAGE_STANDARD = "gnu++20";
				CLANG_ENABLE_MODULES = YES;
				CLANG_ENABLE_OBJC_ARC = YES;
				CLANG_ENABLE_OBJC_WEAK = YES;
				CLANG_WARN_BLOCK_CAPTURE_AUTORELEASING = YES;
				CLANG_WARN_BOOL_CONVERSION = YES;
				CLANG_WARN_COMMA = YES;
				CLANG_WARN_CONSTANT_CONVERSION = YES;
				CLANG_WARN_DEPRECATED_OBJC_IMPLEMENTATIONS = YES;
				CLANG_WARN_DIRECT_OBJC_ISA_USAGE = YES_ERROR;
				CLANG_WARN_DOCUMENTATION_COMMENTS = YES;
				CLANG_WARN_EMPTY_BODY = YES;
				CLANG_WARN_ENUM_CONVERSION = YES;
				CLANG_WARN_INFINITE_RECURSION = YES;
				CLANG_WARN_INT_CONVERSION = YES;
				CLANG_WARN_NON_LITERAL_NULL_CONVERSION = YES;
				CLANG_WARN_OBJC_IMPLICIT_RETAIN_SELF = YES;
				CLANG_WARN_OBJC_LITERAL_CONVERSION = YES;
				CLANG_WARN_OBJC_ROOT_CLASS = YES_ERROR;
				CLANG_WARN_QUOTED_INCLUDE_IN_FRAMEWORK_HEADER = YES;
				CLANG_WARN_RANGE_LOOP_ANALYSIS = YES;
				CLANG_WARN_STRICT_PROTOTYPES = YES;
				CLANG_WARN_SUSPICIOUS_MOVE = YES;
				CLANG_WARN_UNGUARDED_AVAILABILITY = YES_AGGRESSIVE;
				CLANG_WARN_UNREACHABLE_CODE = YES;
				CLANG_WARN__DUPLICATE_METHOD_MATCH = YES;
				COPY_PHASE_STRIP = NO;
				DEBUG_INFORMATION_FORMAT = dwarf;
				DEVELOPMENT_TEAM = 49TSYPSC35;
				ENABLE_STRICT_OBJC_MSGSEND = YES;
				ENABLE_TESTABILITY = YES;
				ENABLE_USER_SCRIPT_SANDBOXING = YES;
				GCC_C_LANGUAGE_STANDARD = gnu17;
				GCC_DYNAMIC_NO_PIC = NO;
				GCC_NO_COMMON_BLOCKS = YES;
				GCC_OPTIMIZATION_LEVEL = 0;
				GCC_PREPROCESSOR_DEFINITIONS = (
					"DEBUG=1",
					"$(inherited)",
				);
				GCC_WARN_64_TO_32_BIT_CONVERSION = YES;
				GCC_WARN_ABOUT_RETURN_TYPE = YES_ERROR;
				GCC_WARN_UNDECLARED_SELECTOR = YES;
				GCC_WARN_UNINITIALIZED_AUTOS = YES_AGGRESSIVE;
				GCC_WARN_UNUSED_FUNCTION = YES;
				GCC_WARN_UNUSED_VARIABLE = YES;
				IPHONEOS_DEPLOYMENT_TARGET = 18.4;
				LOCALIZATION_PREFERS_STRING_CATALOGS = YES;
				MTL_ENABLE_DEBUG_INFO = INCLUDE_SOURCE;
				MTL_FAST_MATH = YES;
				ONLY_ACTIVE_ARCH = YES;
				SDKROOT = iphoneos;
				SWIFT_ACTIVE_COMPILATION_CONDITIONS = "DEBUG $(inherited)";
				SWIFT_OPTIMIZATION_LEVEL = "-Onone";
			};
			name = Debug;
		};
		A5127D432DDDDE0200B2359B /* Release */ = {
			isa = XCBuildConfiguration;
			buildSettings = {
				ALWAYS_SEARCH_USER_PATHS = NO;
				ASSETCATALOG_COMPILER_GENERATE_SWIFT_ASSET_SYMBOL_EXTENSIONS = YES;
				CLANG_ANALYZER_NONNULL = YES;
				CLANG_ANALYZER_NUMBER_OBJECT_CONVERSION = YES_AGGRESSIVE;
				CLANG_CXX_LANGUAGE_STANDARD = "gnu++20";
				CLANG_ENABLE_MODULES = YES;
				CLANG_ENABLE_OBJC_ARC = YES;
				CLANG_ENABLE_OBJC_WEAK = YES;
				CLANG_WARN_BLOCK_CAPTURE_AUTORELEASING = YES;
				CLANG_WARN_BOOL_CONVERSION = YES;
				CLANG_WARN_COMMA = YES;
				CLANG_WARN_CONSTANT_CONVERSION = YES;
				CLANG_WARN_DEPRECATED_OBJC_IMPLEMENTATIONS = YES;
				CLANG_WARN_DIRECT_OBJC_ISA_USAGE = YES_ERROR;
				CLANG_WARN_DOCUMENTATION_COMMENTS = YES;
				CLANG_WARN_EMPTY_BODY = YES;
				CLANG_WARN_ENUM_CONVERSION = YES;
				CLANG_WARN_INFINITE_RECURSION = YES;
				CLANG_WARN_INT_CONVERSION = YES;
				CLANG_WARN_NON_LITERAL_NULL_CONVERSION = YES;
				CLANG_WARN_OBJC_IMPLICIT_RETAIN_SELF = YES;
				CLANG_WARN_OBJC_LITERAL_CONVERSION = YES;
				CLANG_WARN_OBJC_ROOT_CLASS = YES_ERROR;
				CLANG_WARN_QUOTED_INCLUDE_IN_FRAMEWORK_HEADER = YES;
				CLANG_WARN_RANGE_LOOP_ANALYSIS = YES;
				CLANG_WARN_STRICT_PROTOTYPES = YES;
				CLANG_WARN_SUSPICIOUS_MOVE = YES;
				CLANG_WARN_UNGUARDED_AVAILABILITY = YES_AGGRESSIVE;
				CLANG_WARN_UNREACHABLE_CODE = YES;
				CLANG_WARN__DUPLICATE_METHOD_MATCH = YES;
				COPY_PHASE_STRIP = NO;
				DEBUG_INFORMATION_FORMAT = "dwarf-with-dsym";
				DEVELOPMENT_TEAM = 49TSYPSC35;
				ENABLE_NS_ASSERTIONS = NO;
				ENABLE_STRICT_OBJC_MSGSEND = YES;
				ENABLE_USER_SCRIPT_SANDBOXING = YES;
				GCC_C_LANGUAGE_STANDARD = gnu17;
				GCC_NO_COMMON_BLOCKS = YES;
				GCC_WARN_64_TO_32_BIT_CONVERSION = YES;
				GCC_WARN_ABOUT_RETURN_TYPE = YES_ERROR;
				GCC_WARN_UNDECLARED_SELECTOR = YES;
				GCC_WARN_UNINITIALIZED_AUTOS = YES_AGGRESSIVE;
				GCC_WARN_UNUSED_FUNCTION = YES;
				GCC_WARN_UNUSED_VARIABLE = YES;
				IPHONEOS_DEPLOYMENT_TARGET = 18.4;
				LOCALIZATION_PREFERS_STRING_CATALOGS = YES;
				MTL_ENABLE_DEBUG_INFO = NO;
				MTL_FAST_MATH = YES;
				SDKROOT = iphoneos;
				SWIFT_COMPILATION_MODE = wholemodule;
				VALIDATE_PRODUCT = YES;
			};
			name = Release;
		};
		A5127D452DDDDE0200B2359B /* Debug */ = {
			isa = XCBuildConfiguration;
			buildSettings = {
				ASSETCATALOG_COMPILER_APPICON_NAME = AppIcon;
				ASSETCATALOG_COMPILER_GLOBAL_ACCENT_COLOR_NAME = AccentColor;
				CODE_SIGN_STYLE = Automatic;
				CURRENT_PROJECT_VERSION = 1;
				DEVELOPMENT_TEAM = BRZA289JD4;
				ENABLE_PREVIEWS = YES;
				GENERATE_INFOPLIST_FILE = YES;
				INFOPLIST_FILE = MuseumsMap/Info.plist;
				INFOPLIST_KEY_NSLocationWhenInUseUsageDescription = "Нам потрібна ваша геолокація, щоб краще відображати близькі до вас музеї";
				INFOPLIST_KEY_UIApplicationSceneManifest_Generation = YES;
				INFOPLIST_KEY_UIApplicationSupportsIndirectInputEvents = YES;
				INFOPLIST_KEY_UILaunchScreen_Generation = YES;
				INFOPLIST_KEY_UISupportedInterfaceOrientations_iPad = "UIInterfaceOrientationPortrait UIInterfaceOrientationPortraitUpsideDown UIInterfaceOrientationLandscapeLeft UIInterfaceOrientationLandscapeRight";
				INFOPLIST_KEY_UISupportedInterfaceOrientations_iPhone = "UIInterfaceOrientationPortrait UIInterfaceOrientationLandscapeLeft UIInterfaceOrientationLandscapeRight";
				LD_RUNPATH_SEARCH_PATHS = (
					"$(inherited)",
					"@executable_path/Frameworks",
				);
				MARKETING_VERSION = 1.0;
				PRODUCT_BUNDLE_IDENTIFIER = "com.naz-desu.MuseumsMap";
				PRODUCT_NAME = "$(TARGET_NAME)";
				SWIFT_EMIT_LOC_STRINGS = YES;
				SWIFT_VERSION = 5.0;
				TARGETED_DEVICE_FAMILY = "1,2";
			};
			name = Debug;
		};
		A5127D462DDDDE0200B2359B /* Release */ = {
			isa = XCBuildConfiguration;
			buildSettings = {
				ASSETCATALOG_COMPILER_APPICON_NAME = AppIcon;
				ASSETCATALOG_COMPILER_GLOBAL_ACCENT_COLOR_NAME = AccentColor;
				CODE_SIGN_STYLE = Automatic;
				CURRENT_PROJECT_VERSION = 1;
				DEVELOPMENT_TEAM = BRZA289JD4;
				ENABLE_PREVIEWS = YES;
				GENERATE_INFOPLIST_FILE = YES;
				INFOPLIST_FILE = MuseumsMap/Info.plist;
				INFOPLIST_KEY_NSLocationWhenInUseUsageDescription = "Нам потрібна ваша геолокація, щоб краще відображати близькі до вас музеї";
				INFOPLIST_KEY_UIApplicationSceneManifest_Generation = YES;
				INFOPLIST_KEY_UIApplicationSupportsIndirectInputEvents = YES;
				INFOPLIST_KEY_UILaunchScreen_Generation = YES;
				INFOPLIST_KEY_UISupportedInterfaceOrientations_iPad = "UIInterfaceOrientationPortrait UIInterfaceOrientationPortraitUpsideDown UIInterfaceOrientationLandscapeLeft UIInterfaceOrientationLandscapeRight";
				INFOPLIST_KEY_UISupportedInterfaceOrientations_iPhone = "UIInterfaceOrientationPortrait UIInterfaceOrientationLandscapeLeft UIInterfaceOrientationLandscapeRight";
				LD_RUNPATH_SEARCH_PATHS = (
					"$(inherited)",
					"@executable_path/Frameworks",
				);
				MARKETING_VERSION = 1.0;
				PRODUCT_BUNDLE_IDENTIFIER = "com.naz-desu.MuseumsMap";
				PRODUCT_NAME = "$(TARGET_NAME)";
				SWIFT_EMIT_LOC_STRINGS = YES;
				SWIFT_VERSION = 5.0;
				TARGETED_DEVICE_FAMILY = "1,2";
			};
			name = Release;
		};
		A5127D482DDDDE0200B2359B /* Debug */ = {
			isa = XCBuildConfiguration;
			buildSettings = {
				BUNDLE_LOADER = "$(TEST_HOST)";
				CODE_SIGN_STYLE = Automatic;
				CURRENT_PROJECT_VERSION = 1;
				DEVELOPMENT_TEAM = 49TSYPSC35;
				GENERATE_INFOPLIST_FILE = YES;
				IPHONEOS_DEPLOYMENT_TARGET = 18.4;
				MARKETING_VERSION = 1.0;
				PRODUCT_BUNDLE_IDENTIFIER = com.liuda.MuseumsMapTests;
				PRODUCT_NAME = "$(TARGET_NAME)";
				SWIFT_EMIT_LOC_STRINGS = NO;
				SWIFT_VERSION = 5.0;
				TARGETED_DEVICE_FAMILY = "1,2";
				TEST_HOST = "$(BUILT_PRODUCTS_DIR)/MuseumsMap.app/$(BUNDLE_EXECUTABLE_FOLDER_PATH)/MuseumsMap";
			};
			name = Debug;
		};
		A5127D492DDDDE0200B2359B /* Release */ = {
			isa = XCBuildConfiguration;
			buildSettings = {
				BUNDLE_LOADER = "$(TEST_HOST)";
				CODE_SIGN_STYLE = Automatic;
				CURRENT_PROJECT_VERSION = 1;
				DEVELOPMENT_TEAM = 49TSYPSC35;
				GENERATE_INFOPLIST_FILE = YES;
				IPHONEOS_DEPLOYMENT_TARGET = 18.4;
				MARKETING_VERSION = 1.0;
				PRODUCT_BUNDLE_IDENTIFIER = com.liuda.MuseumsMapTests;
				PRODUCT_NAME = "$(TARGET_NAME)";
				SWIFT_EMIT_LOC_STRINGS = NO;
				SWIFT_VERSION = 5.0;
				TARGETED_DEVICE_FAMILY = "1,2";
				TEST_HOST = "$(BUILT_PRODUCTS_DIR)/MuseumsMap.app/$(BUNDLE_EXECUTABLE_FOLDER_PATH)/MuseumsMap";
			};
			name = Release;
		};
		A5127D4B2DDDDE0200B2359B /* Debug */ = {
			isa = XCBuildConfiguration;
			buildSettings = {
				CODE_SIGN_STYLE = Automatic;
				CURRENT_PROJECT_VERSION = 1;
				DEVELOPMENT_TEAM = 49TSYPSC35;
				GENERATE_INFOPLIST_FILE = YES;
				MARKETING_VERSION = 1.0;
				PRODUCT_BUNDLE_IDENTIFIER = com.liuda.MuseumsMapUITests;
				PRODUCT_NAME = "$(TARGET_NAME)";
				SWIFT_EMIT_LOC_STRINGS = NO;
				SWIFT_VERSION = 5.0;
				TARGETED_DEVICE_FAMILY = "1,2";
				TEST_TARGET_NAME = MuseumsMap;
			};
			name = Debug;
		};
		A5127D4C2DDDDE0200B2359B /* Release */ = {
			isa = XCBuildConfiguration;
			buildSettings = {
				CODE_SIGN_STYLE = Automatic;
				CURRENT_PROJECT_VERSION = 1;
				DEVELOPMENT_TEAM = 49TSYPSC35;
				GENERATE_INFOPLIST_FILE = YES;
				MARKETING_VERSION = 1.0;
				PRODUCT_BUNDLE_IDENTIFIER = com.liuda.MuseumsMapUITests;
				PRODUCT_NAME = "$(TARGET_NAME)";
				SWIFT_EMIT_LOC_STRINGS = NO;
				SWIFT_VERSION = 5.0;
				TARGETED_DEVICE_FAMILY = "1,2";
				TEST_TARGET_NAME = MuseumsMap;
			};
			name = Release;
		};
/* End XCBuildConfiguration section */

/* Begin XCConfigurationList section */
		A5127D1E2DDDDE0000B2359B /* Build configuration list for PBXProject "MuseumsMap" */ = {
			isa = XCConfigurationList;
			buildConfigurations = (
				A5127D422DDDDE0200B2359B /* Debug */,
				A5127D432DDDDE0200B2359B /* Release */,
			);
			defaultConfigurationIsVisible = 0;
			defaultConfigurationName = Release;
		};
		A5127D442DDDDE0200B2359B /* Build configuration list for PBXNativeTarget "MuseumsMap" */ = {
			isa = XCConfigurationList;
			buildConfigurations = (
				A5127D452DDDDE0200B2359B /* Debug */,
				A5127D462DDDDE0200B2359B /* Release */,
			);
			defaultConfigurationIsVisible = 0;
			defaultConfigurationName = Release;
		};
		A5127D472DDDDE0200B2359B /* Build configuration list for PBXNativeTarget "MuseumsMapTests" */ = {
			isa = XCConfigurationList;
			buildConfigurations = (
				A5127D482DDDDE0200B2359B /* Debug */,
				A5127D492DDDDE0200B2359B /* Release */,
			);
			defaultConfigurationIsVisible = 0;
			defaultConfigurationName = Release;
		};
		A5127D4A2DDDDE0200B2359B /* Build configuration list for PBXNativeTarget "MuseumsMapUITests" */ = {
			isa = XCConfigurationList;
			buildConfigurations = (
				A5127D4B2DDDDE0200B2359B /* Debug */,
				A5127D4C2DDDDE0200B2359B /* Release */,
			);
			defaultConfigurationIsVisible = 0;
			defaultConfigurationName = Release;
		};
/* End XCConfigurationList section */

/* Begin XCRemoteSwiftPackageReference section */
		A5127D592DDDDF2D00B2359B /* XCRemoteSwiftPackageReference "maplibre-gl-native-distribution" */ = {
			isa = XCRemoteSwiftPackageReference;
			repositoryURL = "https://github.com/maplibre/maplibre-gl-native-distribution";
			requirement = {
				kind = upToNextMajorVersion;
				minimumVersion = 6.14.0;
			};
		};
		A5127DDC2DDE272300B2359B /* XCRemoteSwiftPackageReference "GoogleSignIn-iOS" */ = {
			isa = XCRemoteSwiftPackageReference;
			repositoryURL = "https://github.com/google/GoogleSignIn-iOS";
			requirement = {
				kind = upToNextMajorVersion;
				minimumVersion = 8.0.0;
			};
		};
		A5127DE32DDE2A9500B2359B /* XCRemoteSwiftPackageReference "firebase-ios-sdk" */ = {
			isa = XCRemoteSwiftPackageReference;
			repositoryURL = "https://github.com/firebase/firebase-ios-sdk";
			requirement = {
				kind = upToNextMajorVersion;
				minimumVersion = 11.13.0;
			};
		};
/* End XCRemoteSwiftPackageReference section */

/* Begin XCSwiftPackageProductDependency section */
		A5127D5A2DDDDF2D00B2359B /* MapLibre */ = {
			isa = XCSwiftPackageProductDependency;
			package = A5127D592DDDDF2D00B2359B /* XCRemoteSwiftPackageReference "maplibre-gl-native-distribution" */;
			productName = MapLibre;
		};
		A5127DDD2DDE272300B2359B /* GoogleSignIn */ = {
			isa = XCSwiftPackageProductDependency;
			package = A5127DDC2DDE272300B2359B /* XCRemoteSwiftPackageReference "GoogleSignIn-iOS" */;
			productName = GoogleSignIn;
		};
		A5127DDF2DDE272300B2359B /* GoogleSignInSwift */ = {
			isa = XCSwiftPackageProductDependency;
			package = A5127DDC2DDE272300B2359B /* XCRemoteSwiftPackageReference "GoogleSignIn-iOS" */;
			productName = GoogleSignInSwift;
		};
		A5127DE42DDE2A9500B2359B /* FirebaseAI */ = {
			isa = XCSwiftPackageProductDependency;
			package = A5127DE32DDE2A9500B2359B /* XCRemoteSwiftPackageReference "firebase-ios-sdk" */;
			productName = FirebaseAI;
		};
		A5127DE62DDE2A9500B2359B /* FirebaseAnalytics */ = {
			isa = XCSwiftPackageProductDependency;
			package = A5127DE32DDE2A9500B2359B /* XCRemoteSwiftPackageReference "firebase-ios-sdk" */;
			productName = FirebaseAnalytics;
		};
		A5127DE82DDE2A9500B2359B /* FirebaseAuth */ = {
			isa = XCSwiftPackageProductDependency;
			package = A5127DE32DDE2A9500B2359B /* XCRemoteSwiftPackageReference "firebase-ios-sdk" */;
			productName = FirebaseAuth;
		};
		A5127DEA2DDE2A9500B2359B /* FirebaseCore */ = {
			isa = XCSwiftPackageProductDependency;
			package = A5127DE32DDE2A9500B2359B /* XCRemoteSwiftPackageReference "firebase-ios-sdk" */;
			productName = FirebaseCore;
		};
		A5127DEC2DDE2A9500B2359B /* FirebaseFirestore */ = {
			isa = XCSwiftPackageProductDependency;
			package = A5127DE32DDE2A9500B2359B /* XCRemoteSwiftPackageReference "firebase-ios-sdk" */;
			productName = FirebaseFirestore;
		};
/* End XCSwiftPackageProductDependency section */
	};
	rootObject = A5127D1B2DDDDE0000B2359B /* Project object */;
}
